
Microsoft Visual Studio Solution File, Format Version 12.00
# Visual Studio Version 17
VisualStudioVersion = 17.0.31912.275
MinimumVisualStudioVersion = 10.0.40219.1
Project("{9A19103F-16F7-4668-BE54-9A1E7A4F7556}") = "VechileMonitor.Domain", "VechileMonitor.Domain\VechileMonitor.Domain.csproj", "{C35D455E-CC2F-47EC-ADFE-8F622A8F6B93}"
EndProject
Project("{FAE04EC0-301F-11D3-BF4B-00C04F79EFBC}") = "VechileWebApp", "VechileWebApp\VechileWebApp.csproj", "{98E3A57D-C78C-49B8-9774-95174B562421}"
EndProject
Project("{FAE04EC0-301F-11D3-BF4B-00C04F79EFBC}") = "VehicleMonitorService", "VehicleMonitorService\VehicleMonitorService.csproj", "{036011DF-C85C-47F1-B907-3C9F4DF9EB43}"
EndProject
Global
	GlobalSection(SolutionConfigurationPlatforms) = preSolution
		Debug|Any CPU = Debug|Any CPU
		Release|Any CPU = Release|Any CPU
	EndGlobalSection
	GlobalSection(ProjectConfigurationPlatforms) = postSolution
		{C35D455E-CC2F-47EC-ADFE-8F622A8F6B93}.Debug|Any CPU.ActiveCfg = Debug|Any CPU
		{C35D455E-CC2F-47EC-ADFE-8F622A8F6B93}.Debug|Any CPU.Build.0 = Debug|Any CPU
		{C35D455E-CC2F-47EC-ADFE-8F622A8F6B93}.Release|Any CPU.ActiveCfg = Release|Any CPU
		{C35D455E-CC2F-47EC-ADFE-8F622A8F6B93}.Release|Any CPU.Build.0 = Release|Any CPU
		{98E3A57D-C78C-49B8-9774-95174B562421}.Debug|Any CPU.ActiveCfg = Debug|Any CPU
		{98E3A57D-C78C-49B8-9774-95174B562421}.Debug|Any CPU.Build.0 = Debug|Any CPU
		{98E3A57D-C78C-49B8-9774-95174B562421}.Release|Any CPU.ActiveCfg = Release|Any CPU
		{98E3A57D-C78C-49B8-9774-95174B562421}.Release|Any CPU.Build.0 = Release|Any CPU
		{036011DF-C85C-47F1-B907-3C9F4DF9EB43}.Debug|Any CPU.ActiveCfg = Debug|Any CPU
		{036011DF-C85C-47F1-B907-3C9F4DF9EB43}.Debug|Any CPU.Build.0 = Debug|Any CPU
		{036011DF-C85C-47F1-B907-3C9F4DF9EB43}.Release|Any CPU.ActiveCfg = Release|Any CPU
		{036011DF-C85C-47F1-B907-3C9F4DF9EB43}.Release|Any CPU.Build.0 = Release|Any CPU
	EndGlobalSection
	GlobalSection(SolutionProperties) = preSolution
		HideSolutionNode = FALSE
	EndGlobalSection
	GlobalSection(ExtensibilityGlobals) = postSolution
		SolutionGuid = {AACC9B22-2B32-449A-8683-3C183175C259}
	EndGlobalSection
EndGlobal
